<?xml version="1.0" encoding="utf-8"?>
<Project ToolsVersion="4.0" xmlns="http://schemas.microsoft.com/developer/msbuild/2003">
  <ItemGroup>
    <Filter Include="Source Files">
      <UniqueIdentifier>{4FC737F1-C7A5-4376-A066-2A32D752A2FF}</UniqueIdentifier>
      <Extensions>cpp;c;cc;cxx;def;odl;idl;hpj;bat;asm;asmx</Extensions>
    </Filter>
    <Filter Include="Header Files">
      <UniqueIdentifier>{93995380-89BD-4b04-88EB-625FBE52EBFB}</UniqueIdentifier>
      <Extensions>h;hpp;hxx;hm;inl;inc;xsd</Extensions>
    </Filter>
    <Filter Include="Resource Files">
      <UniqueIdentifier>{67DA6AB6-F800-4c08-8B7A-83BB121AAD01}</UniqueIdentifier>
      <Extensions>rc;ico;cur;bmp;dlg;rc2;rct;bin;rgs;gif;jpg;jpeg;jpe;resx;tiff;tif;png;wav;mfcribbon-ms</Extensions>
    </Filter>
  </ItemGroup>
  <ItemGroup>
    <ClCompile Include="FimbulwinterClient.cpp">
      <Filter>Source Files</Filter>
    </ClCompile>
    <ClCompile Include="WorldGameMode.cpp">
      <Filter>Source Files</Filter>
    </ClCompile>
    <ClCompile Include="WorldMode\TestMode.cpp">
      <Filter>Source Files</Filter>
    </ClCompile>
    <ClCompile Include="FileSystem\GrfFileSystem.cpp">
      <Filter>Source Files</Filter>
    </ClCompile>
    <ClCompile Include="FileSystem\Grf\zlib\adler32.c">
      <Filter>Source Files</Filter>
    </ClCompile>
    <ClCompile Include="FileSystem\Grf\zlib\compress.c">
      <Filter>Source Files</Filter>
    </ClCompile>
    <ClCompile Include="FileSystem\Grf\zlib\crc32.c">
      <Filter>Source Files</Filter>
    </ClCompile>
    <ClCompile Include="FileSystem\Grf\zlib\deflate.c">
      <Filter>Source Files</Filter>
    </ClCompile>
    <ClCompile Include="FileSystem\Grf\zlib\inffast.c">
      <Filter>Source Files</Filter>
    </ClCompile>
    <ClCompile Include="FileSystem\Grf\zlib\inflate.c">
      <Filter>Source Files</Filter>
    </ClCompile>
    <ClCompile Include="FileSystem\Grf\zlib\inftrees.c">
      <Filter>Source Files</Filter>
    </ClCompile>
    <ClCompile Include="FileSystem\Grf\zlib\trees.c">
      <Filter>Source Files</Filter>
    </ClCompile>
    <ClCompile Include="FileSystem\Grf\zlib\zutil.c">
      <Filter>Source Files</Filter>
    </ClCompile>
    <ClCompile Include="FileSystem\Grf\zlib\infback.c">
      <Filter>Source Files</Filter>
    </ClCompile>
    <ClCompile Include="FileSystem\Grf\zlib\uncompr.c">
      <Filter>Source Files</Filter>
    </ClCompile>
    <ClCompile Include="FileSystem\Grf\Grf.cpp">
      <Filter>Source Files</Filter>
    </ClCompile>
    <ClCompile Include="FileSystem\Grf\GrfCrypt.cpp">
      <Filter>Source Files</Filter>
    </ClCompile>
  </ItemGroup>
  <ItemGroup>
    <ClInclude Include="FimbulwinterClient.h">
      <Filter>Header Files</Filter>
    </ClInclude>
    <ClInclude Include="GUI\Renderers\ControlRenderer.h">
      <Filter>Header Files</Filter>
    </ClInclude>
    <ClInclude Include="GUI\Renderers\LabelRenderer.h">
      <Filter>Header Files</Filter>
    </ClInclude>
    <ClInclude Include="Camera.h">
      <Filter>Header Files</Filter>
    </ClInclude>
    <ClInclude Include="GameMode.h">
      <Filter>Header Files</Filter>
    </ClInclude>
    <ClInclude Include="LoginGameMode.h">
      <Filter>Header Files</Filter>
    </ClInclude>
    <ClInclude Include="WorldGameMode.h">
      <Filter>Header Files</Filter>
    </ClInclude>
    <ClInclude Include="WorldMode\TestMode.h">
      <Filter>Header Files</Filter>
    </ClInclude>
    <ClInclude Include="Graphics\World.h">
      <Filter>Header Files</Filter>
    </ClInclude>
    <ClInclude Include="FileSystem\GrfFileSystem.h">
      <Filter>Header Files</Filter>
    </ClInclude>
    <ClInclude Include="FileSystem\Grf\zlib\crc32.h">
      <Filter>Header Files</Filter>
    </ClInclude>
    <ClInclude Include="FileSystem\Grf\zlib\deflate.h">
      <Filter>Header Files</Filter>
    </ClInclude>
    <ClInclude Include="FileSystem\Grf\zlib\inffast.h">
      <Filter>Header Files</Filter>
    </ClInclude>
    <ClInclude Include="FileSystem\Grf\zlib\inffixed.h">
      <Filter>Header Files</Filter>
    </ClInclude>
    <ClInclude Include="FileSystem\Grf\zlib\inflate.h">
      <Filter>Header Files</Filter>
    </ClInclude>
    <ClInclude Include="FileSystem\Grf\zlib\inftrees.h">
      <Filter>Header Files</Filter>
    </ClInclude>
    <ClInclude Include="FileSystem\Grf\zlib\trees.h">
      <Filter>Header Files</Filter>
    </ClInclude>
    <ClInclude Include="FileSystem\Grf\zlib\zconf.h">
      <Filter>Header Files</Filter>
    </ClInclude>
    <ClInclude Include="FileSystem\Grf\zlib\zlib.h">
      <Filter>Header Files</Filter>
    </ClInclude>
    <ClInclude Include="FileSystem\Grf\zlib\zutil.h">
      <Filter>Header Files</Filter>
    </ClInclude>
    <ClInclude Include="FileSystem\Grf\Grf.h">
      <Filter>Header Files</Filter>
    </ClInclude>
    <ClInclude Include="FileSystem\Grf\GrfCrypt.h">
      <Filter>Header Files</Filter>
    </ClInclude>
  </ItemGroup>
</Project>